
Microsoft Visual Studio Solution File, Format Version 12.00
Project("{FAE04EC0-301F-11D3-BF4B-00C04F79EFBC}") = "FileValidatorApi", "FileValidatorApi\FileValidatorApi.csproj", "{6464F5BB-1D1C-48DF-85F8-D4E6E95B53B3}"
EndProject
Project("{2150E333-8FDC-42A3-9474-1A3956D46DE8}") = "Tests", "Tests", "{ACE0F9F2-318B-4D18-B1A8-2F7C8EE5725A}"
EndProject
Project("{FAE04EC0-301F-11D3-BF4B-00C04F79EFBC}") = "FileValidatorApi.Tests", "FileValidatorApi.Tests\FileValidatorApi.Tests.csproj", "{09C3F037-5826-416C-9BD8-52B7F9D0E94C}"
EndProject
Global
	GlobalSection(SolutionConfigurationPlatforms) = preSolution
		Debug|Any CPU = Debug|Any CPU
		Release|Any CPU = Release|Any CPU
	EndGlobalSection
	GlobalSection(ProjectConfigurationPlatforms) = postSolution
		{6464F5BB-1D1C-48DF-85F8-D4E6E95B53B3}.Debug|Any CPU.ActiveCfg = Debug|Any CPU
		{6464F5BB-1D1C-48DF-85F8-D4E6E95B53B3}.Debug|Any CPU.Build.0 = Debug|Any CPU
		{6464F5BB-1D1C-48DF-85F8-D4E6E95B53B3}.Release|Any CPU.ActiveCfg = Release|Any CPU
		{6464F5BB-1D1C-48DF-85F8-D4E6E95B53B3}.Release|Any CPU.Build.0 = Release|Any CPU
		{09C3F037-5826-416C-9BD8-52B7F9D0E94C}.Debug|Any CPU.ActiveCfg = Debug|Any CPU
		{09C3F037-5826-416C-9BD8-52B7F9D0E94C}.Debug|Any CPU.Build.0 = Debug|Any CPU
		{09C3F037-5826-416C-9BD8-52B7F9D0E94C}.Release|Any CPU.ActiveCfg = Release|Any CPU
		{09C3F037-5826-416C-9BD8-52B7F9D0E94C}.Release|Any CPU.Build.0 = Release|Any CPU
	EndGlobalSection
	GlobalSection(NestedProjects) = preSolution
		{09C3F037-5826-416C-9BD8-52B7F9D0E94C} = {ACE0F9F2-318B-4D18-B1A8-2F7C8EE5725A}
	EndGlobalSection
EndGlobal
